<?xml version="1.0" encoding="utf-8"?>
<Project ToolsVersion="4.0" xmlns="http://schemas.microsoft.com/developer/msbuild/2003">
  <ItemGroup>
    <Filter Include="Source files">
      <UniqueIdentifier>{66bfe09e-662e-4ce2-a8e2-8b7681ce5feb}</UniqueIdentifier>
      <Extensions>cpp;c;cc;cxx;def;odl;idl;hpj;bat;asm;asmx</Extensions>
    </Filter>
    <Filter Include="Header files">
      <UniqueIdentifier>{a1d46dd0-c194-4c02-8542-041821b12974}</UniqueIdentifier>
      <Extensions>h;hpp;hxx;hm;inl;inc;xsd</Extensions>
    </Filter>
    <Filter Include="Source files\Device-specific files">
      <UniqueIdentifier>{f77f1b04-fb07-40d7-8a9b-b5aef7e980cd}</UniqueIdentifier>
    </Filter>
    <Filter Include="Source files\Device-specific files\HAL">
      <UniqueIdentifier>{e4bd38e1-b1ff-4e61-b856-040608b4beeb}</UniqueIdentifier>
    </Filter>
    <Filter Include="Header files\Device-specific files">
      <UniqueIdentifier>{3d7126c0-3fe9-43ff-a95b-eb25e1c6cf92}</UniqueIdentifier>
    </Filter>
    <Filter Include="Header files\Device-specific files\HAL">
      <UniqueIdentifier>{20cc342b-ab11-4e7d-a7bb-9b36536a1a74}</UniqueIdentifier>
    </Filter>
    <Filter Include="VisualGDB settings">
      <UniqueIdentifier>{dcd598b7-5b76-43fa-b22a-9141d92806db}</UniqueIdentifier>
    </Filter>
    <Filter Include="Header files\CubeMX">
      <UniqueIdentifier>{d0d83956-4de1-42ad-8995-e30625832aeb}</UniqueIdentifier>
    </Filter>
    <Filter Include="Source files\CubeMX">
      <UniqueIdentifier>{0b6cd422-03d3-4409-9c3f-8419527f8c58}</UniqueIdentifier>
    </Filter>
    <Filter Include="USB">
      <UniqueIdentifier>{e3df40ee-af99-4137-ad0b-b8c404e0a424}</UniqueIdentifier>
    </Filter>
    <Filter Include="USB\HID">
      <UniqueIdentifier>{b3196cbf-50cb-46ff-b633-dea234bb6e31}</UniqueIdentifier>
    </Filter>
    <Filter Include="USB\XPD">
      <UniqueIdentifier>{d3c9f2aa-8905-4d61-acab-e39ff2dfa1d6}</UniqueIdentifier>
    </Filter>
    <Filter Include="USB\MUSIA">
      <UniqueIdentifier>{3a85200c-f77a-478d-8860-9237a4eb5fd1}</UniqueIdentifier>
    </Filter>
    <Filter Include="USB\Lib">
      <UniqueIdentifier>{00dc32d4-2d15-4039-bb71-841dd0b29c3e}</UniqueIdentifier>
    </Filter>
    <Filter Include="USB\Lib\Inc">
      <UniqueIdentifier>{7009f8e5-d04e-4d7f-a501-0b8f93da0a12}</UniqueIdentifier>
    </Filter>
    <Filter Include="USB\BSP">
      <UniqueIdentifier>{13a56c1c-f52d-4596-a59d-fd63f2d39fd5}</UniqueIdentifier>
    </Filter>
  </ItemGroup>
  <ItemGroup>
    <None Include="stm32.props">
      <Filter>Source files\Device-specific files</Filter>
    </None>
    <ClCompile Include="$(BSP_ROOT)\STM32F0xxxx\STM32F0xx_HAL_Driver\Src\stm32f0xx_hal.c">
      <Filter>Source files\Device-specific files\HAL</Filter>
    </ClCompile>
    <ClCompile Include="$(BSP_ROOT)\STM32F0xxxx\STM32F0xx_HAL_Driver\Src\stm32f0xx_hal_adc.c">
      <Filter>Source files\Device-specific files\HAL</Filter>
    </ClCompile>
    <ClCompile Include="$(BSP_ROOT)\STM32F0xxxx\STM32F0xx_HAL_Driver\Src\stm32f0xx_hal_adc_ex.c">
      <Filter>Source files\Device-specific files\HAL</Filter>
    </ClCompile>
    <ClCompile Include="$(BSP_ROOT)\STM32F0xxxx\STM32F0xx_HAL_Driver\Src\stm32f0xx_hal_can.c">
      <Filter>Source files\Device-specific files\HAL</Filter>
    </ClCompile>
    <ClCompile Include="$(BSP_ROOT)\STM32F0xxxx\STM32F0xx_HAL_Driver\Src\stm32f0xx_hal_cec.c">
      <Filter>Source files\Device-specific files\HAL</Filter>
    </ClCompile>
    <ClCompile Include="$(BSP_ROOT)\STM32F0xxxx\STM32F0xx_HAL_Driver\Src\stm32f0xx_hal_comp.c">
      <Filter>Source files\Device-specific files\HAL</Filter>
    </ClCompile>
    <ClCompile Include="$(BSP_ROOT)\STM32F0xxxx\STM32F0xx_HAL_Driver\Src\stm32f0xx_hal_cortex.c">
      <Filter>Source files\Device-specific files\HAL</Filter>
    </ClCompile>
    <ClCompile Include="$(BSP_ROOT)\STM32F0xxxx\STM32F0xx_HAL_Driver\Src\stm32f0xx_hal_crc.c">
      <Filter>Source files\Device-specific files\HAL</Filter>
    </ClCompile>
    <ClCompile Include="$(BSP_ROOT)\STM32F0xxxx\STM32F0xx_HAL_Driver\Src\stm32f0xx_hal_crc_ex.c">
      <Filter>Source files\Device-specific files\HAL</Filter>
    </ClCompile>
    <ClCompile Include="$(BSP_ROOT)\STM32F0xxxx\STM32F0xx_HAL_Driver\Src\stm32f0xx_hal_dac.c">
      <Filter>Source files\Device-specific files\HAL</Filter>
    </ClCompile>
    <ClCompile Include="$(BSP_ROOT)\STM32F0xxxx\STM32F0xx_HAL_Driver\Src\stm32f0xx_hal_dac_ex.c">
      <Filter>Source files\Device-specific files\HAL</Filter>
    </ClCompile>
    <ClCompile Include="$(BSP_ROOT)\STM32F0xxxx\STM32F0xx_HAL_Driver\Src\stm32f0xx_hal_dma.c">
      <Filter>Source files\Device-specific files\HAL</Filter>
    </ClCompile>
    <ClCompile Include="$(BSP_ROOT)\STM32F0xxxx\STM32F0xx_HAL_Driver\Src\stm32f0xx_hal_flash.c">
      <Filter>Source files\Device-specific files\HAL</Filter>
    </ClCompile>
    <ClCompile Include="$(BSP_ROOT)\STM32F0xxxx\STM32F0xx_HAL_Driver\Src\stm32f0xx_hal_flash_ex.c">
      <Filter>Source files\Device-specific files\HAL</Filter>
    </ClCompile>
    <ClCompile Include="$(BSP_ROOT)\STM32F0xxxx\STM32F0xx_HAL_Driver\Src\stm32f0xx_hal_gpio.c">
      <Filter>Source files\Device-specific files\HAL</Filter>
    </ClCompile>
    <ClCompile Include="$(BSP_ROOT)\STM32F0xxxx\STM32F0xx_HAL_Driver\Src\stm32f0xx_hal_i2c.c">
      <Filter>Source files\Device-specific files\HAL</Filter>
    </ClCompile>
    <ClCompile Include="$(BSP_ROOT)\STM32F0xxxx\STM32F0xx_HAL_Driver\Src\stm32f0xx_hal_i2c_ex.c">
      <Filter>Source files\Device-specific files\HAL</Filter>
    </ClCompile>
    <ClCompile Include="$(BSP_ROOT)\STM32F0xxxx\STM32F0xx_HAL_Driver\Src\stm32f0xx_hal_i2s.c">
      <Filter>Source files\Device-specific files\HAL</Filter>
    </ClCompile>
    <ClCompile Include="$(BSP_ROOT)\STM32F0xxxx\STM32F0xx_HAL_Driver\Src\stm32f0xx_hal_irda.c">
      <Filter>Source files\Device-specific files\HAL</Filter>
    </ClCompile>
    <ClCompile Include="$(BSP_ROOT)\STM32F0xxxx\STM32F0xx_HAL_Driver\Src\stm32f0xx_hal_iwdg.c">
      <Filter>Source files\Device-specific files\HAL</Filter>
    </ClCompile>
    <ClCompile Include="$(BSP_ROOT)\STM32F0xxxx\STM32F0xx_HAL_Driver\Src\stm32f0xx_hal_pcd.c">
      <Filter>Source files\Device-specific files\HAL</Filter>
    </ClCompile>
    <ClCompile Include="$(BSP_ROOT)\STM32F0xxxx\STM32F0xx_HAL_Driver\Src\stm32f0xx_hal_pcd_ex.c">
      <Filter>Source files\Device-specific files\HAL</Filter>
    </ClCompile>
    <ClCompile Include="$(BSP_ROOT)\STM32F0xxxx\STM32F0xx_HAL_Driver\Src\stm32f0xx_hal_pwr.c">
      <Filter>Source files\Device-specific files\HAL</Filter>
    </ClCompile>
    <ClCompile Include="$(BSP_ROOT)\STM32F0xxxx\STM32F0xx_HAL_Driver\Src\stm32f0xx_hal_pwr_ex.c">
      <Filter>Source files\Device-specific files\HAL</Filter>
    </ClCompile>
    <ClCompile Include="$(BSP_ROOT)\STM32F0xxxx\STM32F0xx_HAL_Driver\Src\stm32f0xx_hal_rcc.c">
      <Filter>Source files\Device-specific files\HAL</Filter>
    </ClCompile>
    <ClCompile Include="$(BSP_ROOT)\STM32F0xxxx\STM32F0xx_HAL_Driver\Src\stm32f0xx_hal_rcc_ex.c">
      <Filter>Source files\Device-specific files\HAL</Filter>
    </ClCompile>
    <ClCompile Include="$(BSP_ROOT)\STM32F0xxxx\STM32F0xx_HAL_Driver\Src\stm32f0xx_hal_rtc.c">
      <Filter>Source files\Device-specific files\HAL</Filter>
    </ClCompile>
    <ClCompile Include="$(BSP_ROOT)\STM32F0xxxx\STM32F0xx_HAL_Driver\Src\stm32f0xx_hal_rtc_ex.c">
      <Filter>Source files\Device-specific files\HAL</Filter>
    </ClCompile>
    <ClCompile Include="$(BSP_ROOT)\STM32F0xxxx\STM32F0xx_HAL_Driver\Src\stm32f0xx_hal_smartcard.c">
      <Filter>Source files\Device-specific files\HAL</Filter>
    </ClCompile>
    <ClCompile Include="$(BSP_ROOT)\STM32F0xxxx\STM32F0xx_HAL_Driver\Src\stm32f0xx_hal_smartcard_ex.c">
      <Filter>Source files\Device-specific files\HAL</Filter>
    </ClCompile>
    <ClCompile Include="$(BSP_ROOT)\STM32F0xxxx\STM32F0xx_HAL_Driver\Src\stm32f0xx_hal_smbus.c">
      <Filter>Source files\Device-specific files\HAL</Filter>
    </ClCompile>
    <ClCompile Include="$(BSP_ROOT)\STM32F0xxxx\STM32F0xx_HAL_Driver\Src\stm32f0xx_hal_spi.c">
      <Filter>Source files\Device-specific files\HAL</Filter>
    </ClCompile>
    <ClCompile Include="$(BSP_ROOT)\STM32F0xxxx\STM32F0xx_HAL_Driver\Src\stm32f0xx_hal_spi_ex.c">
      <Filter>Source files\Device-specific files\HAL</Filter>
    </ClCompile>
    <ClCompile Include="$(BSP_ROOT)\STM32F0xxxx\STM32F0xx_HAL_Driver\Src\stm32f0xx_hal_tim.c">
      <Filter>Source files\Device-specific files\HAL</Filter>
    </ClCompile>
    <ClCompile Include="$(BSP_ROOT)\STM32F0xxxx\STM32F0xx_HAL_Driver\Src\stm32f0xx_hal_tim_ex.c">
      <Filter>Source files\Device-specific files\HAL</Filter>
    </ClCompile>
    <ClCompile Include="$(BSP_ROOT)\STM32F0xxxx\STM32F0xx_HAL_Driver\Src\stm32f0xx_hal_tsc.c">
      <Filter>Source files\Device-specific files\HAL</Filter>
    </ClCompile>
    <ClCompile Include="$(BSP_ROOT)\STM32F0xxxx\STM32F0xx_HAL_Driver\Src\stm32f0xx_hal_uart.c">
      <Filter>Source files\Device-specific files\HAL</Filter>
    </ClCompile>
    <ClCompile Include="$(BSP_ROOT)\STM32F0xxxx\STM32F0xx_HAL_Driver\Src\stm32f0xx_hal_uart_ex.c">
      <Filter>Source files\Device-specific files\HAL</Filter>
    </ClCompile>
    <ClCompile Include="$(BSP_ROOT)\STM32F0xxxx\STM32F0xx_HAL_Driver\Src\stm32f0xx_hal_usart.c">
      <Filter>Source files\Device-specific files\HAL</Filter>
    </ClCompile>
    <ClCompile Include="$(BSP_ROOT)\STM32F0xxxx\STM32F0xx_HAL_Driver\Src\stm32f0xx_hal_wwdg.c">
      <Filter>Source files\Device-specific files\HAL</Filter>
    </ClCompile>
    <ClCompile Include="$(BSP_ROOT)\STM32F0xxxx\STM32F0xx_HAL_Driver\Src\stm32f0xx_ll_adc.c">
      <Filter>Source files\Device-specific files\HAL</Filter>
    </ClCompile>
    <ClCompile Include="$(BSP_ROOT)\STM32F0xxxx\STM32F0xx_HAL_Driver\Src\stm32f0xx_ll_comp.c">
      <Filter>Source files\Device-specific files\HAL</Filter>
    </ClCompile>
    <ClCompile Include="$(BSP_ROOT)\STM32F0xxxx\STM32F0xx_HAL_Driver\Src\stm32f0xx_ll_crc.c">
      <Filter>Source files\Device-specific files\HAL</Filter>
    </ClCompile>
    <ClCompile Include="$(BSP_ROOT)\STM32F0xxxx\STM32F0xx_HAL_Driver\Src\stm32f0xx_ll_crs.c">
      <Filter>Source files\Device-specific files\HAL</Filter>
    </ClCompile>
    <ClCompile Include="$(BSP_ROOT)\STM32F0xxxx\STM32F0xx_HAL_Driver\Src\stm32f0xx_ll_dac.c">
      <Filter>Source files\Device-specific files\HAL</Filter>
    </ClCompile>
    <ClCompile Include="$(BSP_ROOT)\STM32F0xxxx\STM32F0xx_HAL_Driver\Src\stm32f0xx_ll_dma.c">
      <Filter>Source files\Device-specific files\HAL</Filter>
    </ClCompile>
    <ClCompile Include="$(BSP_ROOT)\STM32F0xxxx\STM32F0xx_HAL_Driver\Src\stm32f0xx_ll_exti.c">
      <Filter>Source files\Device-specific files\HAL</Filter>
    </ClCompile>
    <ClCompile Include="$(BSP_ROOT)\STM32F0xxxx\STM32F0xx_HAL_Driver\Src\stm32f0xx_ll_gpio.c">
      <Filter>Source files\Device-specific files\HAL</Filter>
    </ClCompile>
    <ClCompile Include="$(BSP_ROOT)\STM32F0xxxx\STM32F0xx_HAL_Driver\Src\stm32f0xx_ll_i2c.c">
      <Filter>Source files\Device-specific files\HAL</Filter>
    </ClCompile>
    <ClCompile Include="$(BSP_ROOT)\STM32F0xxxx\STM32F0xx_HAL_Driver\Src\stm32f0xx_ll_pwr.c">
      <Filter>Source files\Device-specific files\HAL</Filter>
    </ClCompile>
    <ClCompile Include="$(BSP_ROOT)\STM32F0xxxx\STM32F0xx_HAL_Driver\Src\stm32f0xx_ll_rcc.c">
      <Filter>Source files\Device-specific files\HAL</Filter>
    </ClCompile>
    <ClCompile Include="$(BSP_ROOT)\STM32F0xxxx\STM32F0xx_HAL_Driver\Src\stm32f0xx_ll_rtc.c">
      <Filter>Source files\Device-specific files\HAL</Filter>
    </ClCompile>
    <ClCompile Include="$(BSP_ROOT)\STM32F0xxxx\STM32F0xx_HAL_Driver\Src\stm32f0xx_ll_spi.c">
      <Filter>Source files\Device-specific files\HAL</Filter>
    </ClCompile>
    <ClCompile Include="$(BSP_ROOT)\STM32F0xxxx\STM32F0xx_HAL_Driver\Src\stm32f0xx_ll_tim.c">
      <Filter>Source files\Device-specific files\HAL</Filter>
    </ClCompile>
    <ClCompile Include="$(BSP_ROOT)\STM32F0xxxx\STM32F0xx_HAL_Driver\Src\stm32f0xx_ll_usart.c">
      <Filter>Source files\Device-specific files\HAL</Filter>
    </ClCompile>
    <ClCompile Include="$(BSP_ROOT)\STM32F0xxxx\STM32F0xx_HAL_Driver\Src\stm32f0xx_ll_utils.c">
      <Filter>Source files\Device-specific files\HAL</Filter>
    </ClCompile>
    <ClInclude Include="$(BSP_ROOT)\STM32F0xxxx\STM32F0xx_HAL_Driver\Inc\stm32f0xx_hal.h">
      <Filter>Header files\Device-specific files\HAL</Filter>
    </ClInclude>
    <ClInclude Include="$(BSP_ROOT)\STM32F0xxxx\STM32F0xx_HAL_Driver\Inc\stm32f0xx_hal_adc.h">
      <Filter>Header files\Device-specific files\HAL</Filter>
    </ClInclude>
    <ClInclude Include="$(BSP_ROOT)\STM32F0xxxx\STM32F0xx_HAL_Driver\Inc\stm32f0xx_hal_adc_ex.h">
      <Filter>Header files\Device-specific files\HAL</Filter>
    </ClInclude>
    <ClInclude Include="$(BSP_ROOT)\STM32F0xxxx\STM32F0xx_HAL_Driver\Inc\stm32f0xx_hal_can.h">
      <Filter>Header files\Device-specific files\HAL</Filter>
    </ClInclude>
    <ClInclude Include="$(BSP_ROOT)\STM32F0xxxx\STM32F0xx_HAL_Driver\Inc\stm32f0xx_hal_cec.h">
      <Filter>Header files\Device-specific files\HAL</Filter>
    </ClInclude>
    <ClInclude Include="$(BSP_ROOT)\STM32F0xxxx\STM32F0xx_HAL_Driver\Inc\stm32f0xx_hal_comp.h">
      <Filter>Header files\Device-specific files\HAL</Filter>
    </ClInclude>
    <ClInclude Include="$(BSP_ROOT)\STM32F0xxxx\STM32F0xx_HAL_Driver\Inc\stm32f0xx_hal_cortex.h">
      <Filter>Header files\Device-specific files\HAL</Filter>
    </ClInclude>
    <ClInclude Include="$(BSP_ROOT)\STM32F0xxxx\STM32F0xx_HAL_Driver\Inc\stm32f0xx_hal_crc.h">
      <Filter>Header files\Device-specific files\HAL</Filter>
    </ClInclude>
    <ClInclude Include="$(BSP_ROOT)\STM32F0xxxx\STM32F0xx_HAL_Driver\Inc\stm32f0xx_hal_crc_ex.h">
      <Filter>Header files\Device-specific files\HAL</Filter>
    </ClInclude>
    <ClInclude Include="$(BSP_ROOT)\STM32F0xxxx\STM32F0xx_HAL_Driver\Inc\stm32f0xx_hal_dac.h">
      <Filter>Header files\Device-specific files\HAL</Filter>
    </ClInclude>
    <ClInclude Include="$(BSP_ROOT)\STM32F0xxxx\STM32F0xx_HAL_Driver\Inc\stm32f0xx_hal_dac_ex.h">
      <Filter>Header files\Device-specific files\HAL</Filter>
    </ClInclude>
    <ClInclude Include="$(BSP_ROOT)\STM32F0xxxx\STM32F0xx_HAL_Driver\Inc\stm32f0xx_hal_def.h">
      <Filter>Header files\Device-specific files\HAL</Filter>
    </ClInclude>
    <ClInclude Include="$(BSP_ROOT)\STM32F0xxxx\STM32F0xx_HAL_Driver\Inc\stm32f0xx_hal_dma.h">
      <Filter>Header files\Device-specific files\HAL</Filter>
    </ClInclude>
    <ClInclude Include="$(BSP_ROOT)\STM32F0xxxx\STM32F0xx_HAL_Driver\Inc\stm32f0xx_hal_dma_ex.h">
      <Filter>Header files\Device-specific files\HAL</Filter>
    </ClInclude>
    <ClInclude Include="$(BSP_ROOT)\STM32F0xxxx\STM32F0xx_HAL_Driver\Inc\stm32f0xx_hal_flash.h">
      <Filter>Header files\Device-specific files\HAL</Filter>
    </ClInclude>
    <ClInclude Include="$(BSP_ROOT)\STM32F0xxxx\STM32F0xx_HAL_Driver\Inc\stm32f0xx_hal_flash_ex.h">
      <Filter>Header files\Device-specific files\HAL</Filter>
    </ClInclude>
    <ClInclude Include="$(BSP_ROOT)\STM32F0xxxx\STM32F0xx_HAL_Driver\Inc\stm32f0xx_hal_gpio.h">
      <Filter>Header files\Device-specific files\HAL</Filter>
    </ClInclude>
    <ClInclude Include="$(BSP_ROOT)\STM32F0xxxx\STM32F0xx_HAL_Driver\Inc\stm32f0xx_hal_gpio_ex.h">
      <Filter>Header files\Device-specific files\HAL</Filter>
    </ClInclude>
    <ClInclude Include="$(BSP_ROOT)\STM32F0xxxx\STM32F0xx_HAL_Driver\Inc\stm32f0xx_hal_i2c.h">
      <Filter>Header files\Device-specific files\HAL</Filter>
    </ClInclude>
    <ClInclude Include="$(BSP_ROOT)\STM32F0xxxx\STM32F0xx_HAL_Driver\Inc\stm32f0xx_hal_i2c_ex.h">
      <Filter>Header files\Device-specific files\HAL</Filter>
    </ClInclude>
    <ClInclude Include="$(BSP_ROOT)\STM32F0xxxx\STM32F0xx_HAL_Driver\Inc\stm32f0xx_hal_i2s.h">
      <Filter>Header files\Device-specific files\HAL</Filter>
    </ClInclude>
    <ClInclude Include="$(BSP_ROOT)\STM32F0xxxx\STM32F0xx_HAL_Driver\Inc\stm32f0xx_hal_irda.h">
      <Filter>Header files\Device-specific files\HAL</Filter>
    </ClInclude>
    <ClInclude Include="$(BSP_ROOT)\STM32F0xxxx\STM32F0xx_HAL_Driver\Inc\stm32f0xx_hal_irda_ex.h">
      <Filter>Header files\Device-specific files\HAL</Filter>
    </ClInclude>
    <ClInclude Include="$(BSP_ROOT)\STM32F0xxxx\STM32F0xx_HAL_Driver\Inc\stm32f0xx_hal_iwdg.h">
      <Filter>Header files\Device-specific files\HAL</Filter>
    </ClInclude>
    <ClInclude Include="$(BSP_ROOT)\STM32F0xxxx\STM32F0xx_HAL_Driver\Inc\stm32f0xx_hal_pcd.h">
      <Filter>Header files\Device-specific files\HAL</Filter>
    </ClInclude>
    <ClInclude Include="$(BSP_ROOT)\STM32F0xxxx\STM32F0xx_HAL_Driver\Inc\stm32f0xx_hal_pcd_ex.h">
      <Filter>Header files\Device-specific files\HAL</Filter>
    </ClInclude>
    <ClInclude Include="$(BSP_ROOT)\STM32F0xxxx\STM32F0xx_HAL_Driver\Inc\stm32f0xx_hal_pwr.h">
      <Filter>Header files\Device-specific files\HAL</Filter>
    </ClInclude>
    <ClInclude Include="$(BSP_ROOT)\STM32F0xxxx\STM32F0xx_HAL_Driver\Inc\stm32f0xx_hal_pwr_ex.h">
      <Filter>Header files\Device-specific files\HAL</Filter>
    </ClInclude>
    <ClInclude Include="$(BSP_ROOT)\STM32F0xxxx\STM32F0xx_HAL_Driver\Inc\stm32f0xx_hal_rcc.h">
      <Filter>Header files\Device-specific files\HAL</Filter>
    </ClInclude>
    <ClInclude Include="$(BSP_ROOT)\STM32F0xxxx\STM32F0xx_HAL_Driver\Inc\stm32f0xx_hal_rcc_ex.h">
      <Filter>Header files\Device-specific files\HAL</Filter>
    </ClInclude>
    <ClInclude Include="$(BSP_ROOT)\STM32F0xxxx\STM32F0xx_HAL_Driver\Inc\stm32f0xx_hal_rtc.h">
      <Filter>Header files\Device-specific files\HAL</Filter>
    </ClInclude>
    <ClInclude Include="$(BSP_ROOT)\STM32F0xxxx\STM32F0xx_HAL_Driver\Inc\stm32f0xx_hal_rtc_ex.h">
      <Filter>Header files\Device-specific files\HAL</Filter>
    </ClInclude>
    <ClInclude Include="$(BSP_ROOT)\STM32F0xxxx\STM32F0xx_HAL_Driver\Inc\stm32f0xx_hal_smartcard.h">
      <Filter>Header files\Device-specific files\HAL</Filter>
    </ClInclude>
    <ClInclude Include="$(BSP_ROOT)\STM32F0xxxx\STM32F0xx_HAL_Driver\Inc\stm32f0xx_hal_smartcard_ex.h">
      <Filter>Header files\Device-specific files\HAL</Filter>
    </ClInclude>
    <ClInclude Include="$(BSP_ROOT)\STM32F0xxxx\STM32F0xx_HAL_Driver\Inc\stm32f0xx_hal_smbus.h">
      <Filter>Header files\Device-specific files\HAL</Filter>
    </ClInclude>
    <ClInclude Include="$(BSP_ROOT)\STM32F0xxxx\STM32F0xx_HAL_Driver\Inc\stm32f0xx_hal_spi.h">
      <Filter>Header files\Device-specific files\HAL</Filter>
    </ClInclude>
    <ClInclude Include="$(BSP_ROOT)\STM32F0xxxx\STM32F0xx_HAL_Driver\Inc\stm32f0xx_hal_spi_ex.h">
      <Filter>Header files\Device-specific files\HAL</Filter>
    </ClInclude>
    <ClInclude Include="$(BSP_ROOT)\STM32F0xxxx\STM32F0xx_HAL_Driver\Inc\stm32f0xx_hal_tim.h">
      <Filter>Header files\Device-specific files\HAL</Filter>
    </ClInclude>
    <ClInclude Include="$(BSP_ROOT)\STM32F0xxxx\STM32F0xx_HAL_Driver\Inc\stm32f0xx_hal_tim_ex.h">
      <Filter>Header files\Device-specific files\HAL</Filter>
    </ClInclude>
    <ClInclude Include="$(BSP_ROOT)\STM32F0xxxx\STM32F0xx_HAL_Driver\Inc\stm32f0xx_hal_tsc.h">
      <Filter>Header files\Device-specific files\HAL</Filter>
    </ClInclude>
    <ClInclude Include="$(BSP_ROOT)\STM32F0xxxx\STM32F0xx_HAL_Driver\Inc\stm32f0xx_hal_uart.h">
      <Filter>Header files\Device-specific files\HAL</Filter>
    </ClInclude>
    <ClInclude Include="$(BSP_ROOT)\STM32F0xxxx\STM32F0xx_HAL_Driver\Inc\stm32f0xx_hal_uart_ex.h">
      <Filter>Header files\Device-specific files\HAL</Filter>
    </ClInclude>
    <ClInclude Include="$(BSP_ROOT)\STM32F0xxxx\STM32F0xx_HAL_Driver\Inc\stm32f0xx_hal_usart.h">
      <Filter>Header files\Device-specific files\HAL</Filter>
    </ClInclude>
    <ClInclude Include="$(BSP_ROOT)\STM32F0xxxx\STM32F0xx_HAL_Driver\Inc\stm32f0xx_hal_usart_ex.h">
      <Filter>Header files\Device-specific files\HAL</Filter>
    </ClInclude>
    <ClInclude Include="$(BSP_ROOT)\STM32F0xxxx\STM32F0xx_HAL_Driver\Inc\stm32f0xx_hal_wwdg.h">
      <Filter>Header files\Device-specific files\HAL</Filter>
    </ClInclude>
    <ClInclude Include="$(BSP_ROOT)\STM32F0xxxx\STM32F0xx_HAL_Driver\Inc\stm32f0xx_ll_adc.h">
      <Filter>Header files\Device-specific files\HAL</Filter>
    </ClInclude>
    <ClInclude Include="$(BSP_ROOT)\STM32F0xxxx\STM32F0xx_HAL_Driver\Inc\stm32f0xx_ll_bus.h">
      <Filter>Header files\Device-specific files\HAL</Filter>
    </ClInclude>
    <ClInclude Include="$(BSP_ROOT)\STM32F0xxxx\STM32F0xx_HAL_Driver\Inc\stm32f0xx_ll_comp.h">
      <Filter>Header files\Device-specific files\HAL</Filter>
    </ClInclude>
    <ClInclude Include="$(BSP_ROOT)\STM32F0xxxx\STM32F0xx_HAL_Driver\Inc\stm32f0xx_ll_cortex.h">
      <Filter>Header files\Device-specific files\HAL</Filter>
    </ClInclude>
    <ClInclude Include="$(BSP_ROOT)\STM32F0xxxx\STM32F0xx_HAL_Driver\Inc\stm32f0xx_ll_crc.h">
      <Filter>Header files\Device-specific files\HAL</Filter>
    </ClInclude>
    <ClInclude Include="$(BSP_ROOT)\STM32F0xxxx\STM32F0xx_HAL_Driver\Inc\stm32f0xx_ll_crs.h">
      <Filter>Header files\Device-specific files\HAL</Filter>
    </ClInclude>
    <ClInclude Include="$(BSP_ROOT)\STM32F0xxxx\STM32F0xx_HAL_Driver\Inc\stm32f0xx_ll_dac.h">
      <Filter>Header files\Device-specific files\HAL</Filter>
    </ClInclude>
    <ClInclude Include="$(BSP_ROOT)\STM32F0xxxx\STM32F0xx_HAL_Driver\Inc\stm32f0xx_ll_dma.h">
      <Filter>Header files\Device-specific files\HAL</Filter>
    </ClInclude>
    <ClInclude Include="$(BSP_ROOT)\STM32F0xxxx\STM32F0xx_HAL_Driver\Inc\stm32f0xx_ll_exti.h">
      <Filter>Header files\Device-specific files\HAL</Filter>
    </ClInclude>
    <ClInclude Include="$(BSP_ROOT)\STM32F0xxxx\STM32F0xx_HAL_Driver\Inc\stm32f0xx_ll_gpio.h">
      <Filter>Header files\Device-specific files\HAL</Filter>
    </ClInclude>
    <ClInclude Include="$(BSP_ROOT)\STM32F0xxxx\STM32F0xx_HAL_Driver\Inc\stm32f0xx_ll_i2c.h">
      <Filter>Header files\Device-specific files\HAL</Filter>
    </ClInclude>
    <ClInclude Include="$(BSP_ROOT)\STM32F0xxxx\STM32F0xx_HAL_Driver\Inc\stm32f0xx_ll_iwdg.h">
      <Filter>Header files\Device-specific files\HAL</Filter>
    </ClInclude>
    <ClInclude Include="$(BSP_ROOT)\STM32F0xxxx\STM32F0xx_HAL_Driver\Inc\stm32f0xx_ll_pwr.h">
      <Filter>Header files\Device-specific files\HAL</Filter>
    </ClInclude>
    <ClInclude Include="$(BSP_ROOT)\STM32F0xxxx\STM32F0xx_HAL_Driver\Inc\stm32f0xx_ll_rcc.h">
      <Filter>Header files\Device-specific files\HAL</Filter>
    </ClInclude>
    <ClInclude Include="$(BSP_ROOT)\STM32F0xxxx\STM32F0xx_HAL_Driver\Inc\stm32f0xx_ll_rtc.h">
      <Filter>Header files\Device-specific files\HAL</Filter>
    </ClInclude>
    <ClInclude Include="$(BSP_ROOT)\STM32F0xxxx\STM32F0xx_HAL_Driver\Inc\stm32f0xx_ll_spi.h">
      <Filter>Header files\Device-specific files\HAL</Filter>
    </ClInclude>
    <ClInclude Include="$(BSP_ROOT)\STM32F0xxxx\STM32F0xx_HAL_Driver\Inc\stm32f0xx_ll_system.h">
      <Filter>Header files\Device-specific files\HAL</Filter>
    </ClInclude>
    <ClInclude Include="$(BSP_ROOT)\STM32F0xxxx\STM32F0xx_HAL_Driver\Inc\stm32f0xx_ll_tim.h">
      <Filter>Header files\Device-specific files\HAL</Filter>
    </ClInclude>
    <ClInclude Include="$(BSP_ROOT)\STM32F0xxxx\STM32F0xx_HAL_Driver\Inc\stm32f0xx_ll_usart.h">
      <Filter>Header files\Device-specific files\HAL</Filter>
    </ClInclude>
    <ClInclude Include="$(BSP_ROOT)\STM32F0xxxx\STM32F0xx_HAL_Driver\Inc\stm32f0xx_ll_utils.h">
      <Filter>Header files\Device-specific files\HAL</Filter>
    </ClInclude>
    <ClInclude Include="$(BSP_ROOT)\STM32F0xxxx\STM32F0xx_HAL_Driver\Inc\stm32f0xx_ll_wwdg.h">
      <Filter>Header files\Device-specific files\HAL</Filter>
    </ClInclude>
    <ClInclude Include="$(BSP_ROOT)\STM32F0xxxx\STM32F0xx_HAL_Driver\Inc\Legacy\stm32_hal_legacy.h">
      <Filter>Header files\Device-specific files\HAL</Filter>
    </ClInclude>
    <ClInclude Include="$(BSP_ROOT)\STM32F0xxxx\CMSIS_HAL\Device\ST\STM32F0xx\Include\stm32f0xx.h">
      <Filter>Header files\Device-specific files\HAL</Filter>
    </ClInclude>
    <ClInclude Include="$(BSP_ROOT)\STM32F0xxxx\CMSIS_HAL\Device\ST\STM32F0xx\Include\system_stm32f0xx.h">
      <Filter>Header files\Device-specific files\HAL</Filter>
    </ClInclude>
    <ClInclude Include="$(BSP_ROOT)\STM32F0xxxx\CMSIS_HAL\Include\arm_common_tables.h">
      <Filter>Header files\Device-specific files\HAL</Filter>
    </ClInclude>
    <ClInclude Include="$(BSP_ROOT)\STM32F0xxxx\CMSIS_HAL\Include\arm_const_structs.h">
      <Filter>Header files\Device-specific files\HAL</Filter>
    </ClInclude>
    <ClInclude Include="$(BSP_ROOT)\STM32F0xxxx\CMSIS_HAL\Include\arm_math.h">
      <Filter>Header files\Device-specific files\HAL</Filter>
    </ClInclude>
    <ClInclude Include="$(BSP_ROOT)\STM32F0xxxx\CMSIS_HAL\Include\cmsis_armcc.h">
      <Filter>Header files\Device-specific files\HAL</Filter>
    </ClInclude>
    <ClInclude Include="$(BSP_ROOT)\STM32F0xxxx\CMSIS_HAL\Include\cmsis_armcc_V6.h">
      <Filter>Header files\Device-specific files\HAL</Filter>
    </ClInclude>
    <ClInclude Include="$(BSP_ROOT)\STM32F0xxxx\CMSIS_HAL\Include\cmsis_gcc.h">
      <Filter>Header files\Device-specific files\HAL</Filter>
    </ClInclude>
    <ClInclude Include="$(BSP_ROOT)\STM32F0xxxx\CMSIS_HAL\Include\core_cm0.h">
      <Filter>Header files\Device-specific files\HAL</Filter>
    </ClInclude>
    <ClInclude Include="$(BSP_ROOT)\STM32F0xxxx\CMSIS_HAL\Include\core_cm0plus.h">
      <Filter>Header files\Device-specific files\HAL</Filter>
    </ClInclude>
    <ClInclude Include="$(BSP_ROOT)\STM32F0xxxx\CMSIS_HAL\Include\core_cm3.h">
      <Filter>Header files\Device-specific files\HAL</Filter>
    </ClInclude>
    <ClInclude Include="$(BSP_ROOT)\STM32F0xxxx\CMSIS_HAL\Include\core_cm4.h">
      <Filter>Header files\Device-specific files\HAL</Filter>
    </ClInclude>
    <ClInclude Include="$(BSP_ROOT)\STM32F0xxxx\CMSIS_HAL\Include\core_cm7.h">
      <Filter>Header files\Device-specific files\HAL</Filter>
    </ClInclude>
    <ClInclude Include="$(BSP_ROOT)\STM32F0xxxx\CMSIS_HAL\Include\core_cmFunc.h">
      <Filter>Header files\Device-specific files\HAL</Filter>
    </ClInclude>
    <ClInclude Include="$(BSP_ROOT)\STM32F0xxxx\CMSIS_HAL\Include\core_cmInstr.h">
      <Filter>Header files\Device-specific files\HAL</Filter>
    </ClInclude>
    <ClInclude Include="$(BSP_ROOT)\STM32F0xxxx\CMSIS_HAL\Include\core_cmSimd.h">
      <Filter>Header files\Device-specific files\HAL</Filter>
    </ClInclude>
    <ClInclude Include="$(BSP_ROOT)\STM32F0xxxx\CMSIS_HAL\Include\core_sc000.h">
      <Filter>Header files\Device-specific files\HAL</Filter>
    </ClInclude>
    <ClInclude Include="$(BSP_ROOT)\STM32F0xxxx\CMSIS_HAL\Include\core_sc300.h">
      <Filter>Header files\Device-specific files\HAL</Filter>
    </ClInclude>
    <ClInclude Include="$(BSP_ROOT)\STM32F0xxxx\CMSIS_HAL\RTOS\Template\cmsis_os.h">
      <Filter>Header files\Device-specific files\HAL</Filter>
    </ClInclude>
    <None Include="MUSIA-Debug.vgdbsettings">
      <Filter>VisualGDB settings</Filter>
    </None>
    <None Include="MUSIA-Release.vgdbsettings">
      <Filter>VisualGDB settings</Filter>
    </None>
    <None Include="stm32.xml">
      <Filter>VisualGDB settings</Filter>
    </None>
    <ClCompile Include="$(BSP_ROOT)\STM32F0xxxx\StartupFiles\startup_stm32f042x6.c">
      <Filter>Source files\Device-specific files</Filter>
    </ClCompile>
  </ItemGroup>
  <ItemGroup>
    <ClCompile Include="..\config.cpp">
      <Filter>Source files</Filter>
    </ClCompile>
    <ClCompile Include="..\musia.cpp">
      <Filter>Source files</Filter>
    </ClCompile>
    <ClCompile Include="..\ps2_poller.cpp">
      <Filter>Source files</Filter>
    </ClCompile>
    <ClCompile Include="..\ps2_state.cpp">
      <Filter>Source files</Filter>
    </ClCompile>
    <ClCompile Include="..\retarget.c">
      <Filter>Source files</Filter>
    </ClCompile>
    <ClCompile Include="..\spi_sniffer.cpp">
      <Filter>Source files</Filter>
    </ClCompile>
    <ClCompile Include="..\Src\dma.c">
      <Filter>Source files\CubeMX</Filter>
    </ClCompile>
    <ClCompile Include="..\Src\gpio.c">
      <Filter>Source files\CubeMX</Filter>
    </ClCompile>
    <ClCompile Include="..\Src\iwdg.c">
      <Filter>Source files\CubeMX</Filter>
    </ClCompile>
    <ClCompile Include="..\Src\main.c">
      <Filter>Source files\CubeMX</Filter>
    </ClCompile>
    <ClCompile Include="..\Src\spi.c">
      <Filter>Source files\CubeMX</Filter>
    </ClCompile>
    <ClCompile Include="..\Src\usart.c">
      <Filter>Source files\CubeMX</Filter>
    </ClCompile>
    <ClCompile Include="..\Src\system_stm32f0xx.c">
      <Filter>Source files\CubeMX</Filter>
    </ClCompile>
    <ClCompile Include="..\Src\stm32f0xx_it.c">
      <Filter>Source files\CubeMX</Filter>
    </ClCompile>
    <ClCompile Include="..\Src\stm32f0xx_hal_msp.c">
      <Filter>Source files\CubeMX</Filter>
    </ClCompile>
    <ClCompile Include="..\USB\xpd_usb.c">
      <Filter>USB\XPD</Filter>
    </ClCompile>
    <ClCompile Include="..\USB\usbd_customhid.c">
      <Filter>USB\MUSIA</Filter>
    </ClCompile>
    <ClCompile Include="..\USB\usbd.c">
      <Filter>USB\Lib</Filter>
    </ClCompile>
    <ClCompile Include="..\USB\usbd_ctrl.c">
      <Filter>USB\Lib</Filter>
    </ClCompile>
    <ClCompile Include="..\USB\usbd_desc.c">
      <Filter>USB\Lib</Filter>
    </ClCompile>
    <ClCompile Include="..\USB\usbd_ep.c">
      <Filter>USB\Lib</Filter>
    </ClCompile>
    <ClCompile Include="..\USB\usbd_hid.c">
      <Filter>USB\Lib</Filter>
    </ClCompile>
    <ClCompile Include="..\USB\usbd_if.c">
      <Filter>USB\Lib</Filter>
    </ClCompile>
    <ClCompile Include="..\USB\usbd_utils.c">
      <Filter>USB\Lib</Filter>
    </ClCompile>
    <ClCompile Include="..\USB\bsp_usb.c">
      <Filter>USB\BSP</Filter>
    </ClCompile>
    <ClCompile Include="..\USB\usb_device.c">
      <Filter>USB\MUSIA</Filter>
    </ClCompile>
    <ClCompile Include="..\USB\joy_if.c">
      <Filter>USB\MUSIA</Filter>
    </ClCompile>
    <ClCompile Include="..\USB\configurator_if.c">
      <Filter>USB\MUSIA</Filter>
    </ClCompile>
    <ClCompile Include="usb_joystick.cpp">
      <Filter>USB\MUSIA</Filter>
    </ClCompile>
  </ItemGroup>
  <ItemGroup>
    <ClInclude Include="..\config.h">
      <Filter>Header files</Filter>
    </ClInclude>
    <ClInclude Include="..\musia.h">
      <Filter>Header files</Filter>
    </ClInclude>
    <ClInclude Include="..\ps2_poller.h">
      <Filter>Header files</Filter>
    </ClInclude>
    <ClInclude Include="..\ps2_state.h">
      <Filter>Header files</Filter>
    </ClInclude>
    <ClInclude Include="..\retarget.h">
      <Filter>Header files</Filter>
    </ClInclude>
    <ClInclude Include="..\spi_sniffer.h">
      <Filter>Header files</Filter>
    </ClInclude>
    <ClInclude Include="..\Inc\dma.h">
      <Filter>Header files\CubeMX</Filter>
    </ClInclude>
    <ClInclude Include="..\Inc\gpio.h">
      <Filter>Header files\CubeMX</Filter>
    </ClInclude>
    <ClInclude Include="..\Inc\iwdg.h">
      <Filter>Header files\CubeMX</Filter>
    </ClInclude>
    <ClInclude Include="..\Inc\main.h">
      <Filter>Header files\CubeMX</Filter>
    </ClInclude>
    <ClInclude Include="..\stm32f0xx_hal_conf.h">
      <Filter>Header files\CubeMX</Filter>
    </ClInclude>
    <ClInclude Include="..\Inc\stm32f0xx_hal_conf.h">
      <Filter>Header files\CubeMX</Filter>
    </ClInclude>
    <ClInclude Include="..\Inc\stm32f0xx_it.h">
      <Filter>Header files\CubeMX</Filter>
    </ClInclude>
    <ClInclude Include="..\Inc\usart.h">
      <Filter>Header files\CubeMX</Filter>
    </ClInclude>
    <ClInclude Include="..\Inc\spi.h">
      <Filter>Header files\CubeMX</Filter>
    </ClInclude>
    <ClInclude Include="..\USB\usb_types.h">
      <Filter>USB</Filter>
    </ClInclude>
    <ClInclude Include="..\USB\xpd_utils.h">
      <Filter>USB\XPD</Filter>
    </ClInclude>
    <ClInclude Include="..\USB\xpd_common.h">
      <Filter>USB\XPD</Filter>
    </ClInclude>
    <ClInclude Include="..\USB\xpd_config.h">
      <Filter>USB\XPD</Filter>
    </ClInclude>
    <ClInclude Include="..\USB\xpd_rcc.h">
      <Filter>USB\XPD</Filter>
    </ClInclude>
    <ClInclude Include="..\USB\xpd_rcc_pc.h">
      <Filter>USB\XPD</Filter>
    </ClInclude>
    <ClInclude Include="..\USB\xpd_syscfg.h">
      <Filter>USB\XPD</Filter>
    </ClInclude>
    <ClInclude Include="..\USB\xpd_usb.h">
      <Filter>USB\XPD</Filter>
    </ClInclude>
    <ClInclude Include="..\USB\xpd_usb_wrapper.h">
      <Filter>USB\XPD</Filter>
    </ClInclude>
    <ClInclude Include="..\USB\hid_usage_power.h">
      <Filter>USB\HID</Filter>
    </ClInclude>
    <ClInclude Include="..\USB\hid_usage_sensor.h">
      <Filter>USB\HID</Filter>
    </ClInclude>
    <ClInclude Include="..\USB\hid_report.h">
      <Filter>USB\HID</Filter>
    </ClInclude>
    <ClInclude Include="..\USB\report_descriptors.h">
      <Filter>USB\MUSIA</Filter>
    </ClInclude>
    <ClInclude Include="..\USB\usbd_config.h">
      <Filter>USB\MUSIA</Filter>
    </ClInclude>
    <ClInclude Include="..\USB\usb_device.h">
      <Filter>USB\MUSIA</Filter>
    </ClInclude>
    <ClInclude Include="..\USB\configurator_if.h">
      <Filter>USB\MUSIA</Filter>
    </ClInclude>
    <ClInclude Include="..\USB\usbd.h">
      <Filter>USB\Lib\Inc</Filter>
    </ClInclude>
    <ClInclude Include="..\USB\usbd_hid.h">
      <Filter>USB\Lib\Inc</Filter>
    </ClInclude>
    <ClInclude Include="..\USB\usbd_internal.h">
      <Filter>USB\Lib\Inc</Filter>
    </ClInclude>
    <ClInclude Include="..\USB\usbd_pd_def.h">
      <Filter>USB\Lib\Inc</Filter>
    </ClInclude>
    <ClInclude Include="..\USB\usbd_pd_if.h">
      <Filter>USB\Lib\Inc</Filter>
    </ClInclude>
    <ClInclude Include="..\USB\usbd_private.h">
      <Filter>USB\Lib\Inc</Filter>
    </ClInclude>
    <ClInclude Include="..\USB\usbd_types.h">
      <Filter>USB\Lib\Inc</Filter>
    </ClInclude>
    <ClInclude Include="..\USB\usbd_utils.h">
      <Filter>USB\Lib\Inc</Filter>
    </ClInclude>
    <ClInclude Include="..\USB\bsp_usb.h">
      <Filter>USB\BSP</Filter>
    </ClInclude>
    <ClInclude Include="..\USB\joy_if.h">
      <Filter>USB\MUSIA</Filter>
    </ClInclude>
    <ClInclude Include="..\usb_joystick.h">
      <Filter>USB\MUSIA</Filter>
    </ClInclude>
  </ItemGroup>
</Project>